
Microsoft Visual Studio Solution File, Format Version 12.00
# Visual Studio Version 17
VisualStudioVersion = 17.11.35017.193
MinimumVisualStudioVersion = 10.0.40219.1
Project("{9A19103F-16F7-4668-BE54-9A1E7A4F7556}") = "UserAuth", "UserAuth\UserAuth.csproj", "{1337F51F-0930-4456-9F1E-477B32371EFA}"
EndProject
Project("{9A19103F-16F7-4668-BE54-9A1E7A4F7556}") = "API", "API\API.csproj", "{AB4F810E-B17E-4751-8EA8-F1BABAF98449}"
EndProject
Project("{9A19103F-16F7-4668-BE54-9A1E7A4F7556}") = "BLL", "BLL\BLL.csproj", "{E4E7E3B1-2B2F-425B-8836-FD9B3A757570}"
EndProject
Project("{9A19103F-16F7-4668-BE54-9A1E7A4F7556}") = "DAL", "DDL\DAL.csproj", "{31E3F20D-0415-4F6D-BBEC-695C5B0CB80E}"
EndProject
Project("{FAE04EC0-301F-11D3-BF4B-00C04F79EFBC}") = "BE", "BE2\BE.csproj", "{A2356DE3-4D43-4D4F-B5D1-BA299905F245}"
EndProject
Global
	GlobalSection(SolutionConfigurationPlatforms) = preSolution
		Debug|Any CPU = Debug|Any CPU
		Release|Any CPU = Release|Any CPU
	EndGlobalSection
	GlobalSection(ProjectConfigurationPlatforms) = postSolution
		{1337F51F-0930-4456-9F1E-477B32371EFA}.Debug|Any CPU.ActiveCfg = Release|Any CPU
		{1337F51F-0930-4456-9F1E-477B32371EFA}.Debug|Any CPU.Build.0 = Release|Any CPU
		{1337F51F-0930-4456-9F1E-477B32371EFA}.Release|Any CPU.ActiveCfg = Release|Any CPU
		{1337F51F-0930-4456-9F1E-477B32371EFA}.Release|Any CPU.Build.0 = Release|Any CPU
		{AB4F810E-B17E-4751-8EA8-F1BABAF98449}.Debug|Any CPU.ActiveCfg = Release|Any CPU
		{AB4F810E-B17E-4751-8EA8-F1BABAF98449}.Debug|Any CPU.Build.0 = Release|Any CPU
		{AB4F810E-B17E-4751-8EA8-F1BABAF98449}.Release|Any CPU.ActiveCfg = Release|Any CPU
		{AB4F810E-B17E-4751-8EA8-F1BABAF98449}.Release|Any CPU.Build.0 = Release|Any CPU
		{E4E7E3B1-2B2F-425B-8836-FD9B3A757570}.Debug|Any CPU.ActiveCfg = Release|Any CPU
		{E4E7E3B1-2B2F-425B-8836-FD9B3A757570}.Debug|Any CPU.Build.0 = Release|Any CPU
		{E4E7E3B1-2B2F-425B-8836-FD9B3A757570}.Release|Any CPU.ActiveCfg = Release|Any CPU
		{E4E7E3B1-2B2F-425B-8836-FD9B3A757570}.Release|Any CPU.Build.0 = Release|Any CPU
		{31E3F20D-0415-4F6D-BBEC-695C5B0CB80E}.Debug|Any CPU.ActiveCfg = Release|Any CPU
		{31E3F20D-0415-4F6D-BBEC-695C5B0CB80E}.Debug|Any CPU.Build.0 = Release|Any CPU
		{31E3F20D-0415-4F6D-BBEC-695C5B0CB80E}.Release|Any CPU.ActiveCfg = Release|Any CPU
		{31E3F20D-0415-4F6D-BBEC-695C5B0CB80E}.Release|Any CPU.Build.0 = Release|Any CPU
		{A2356DE3-4D43-4D4F-B5D1-BA299905F245}.Debug|Any CPU.ActiveCfg = Debug|Any CPU
		{A2356DE3-4D43-4D4F-B5D1-BA299905F245}.Debug|Any CPU.Build.0 = Debug|Any CPU
		{A2356DE3-4D43-4D4F-B5D1-BA299905F245}.Release|Any CPU.ActiveCfg = Release|Any CPU
		{A2356DE3-4D43-4D4F-B5D1-BA299905F245}.Release|Any CPU.Build.0 = Release|Any CPU
	EndGlobalSection
	GlobalSection(SolutionProperties) = preSolution
		HideSolutionNode = FALSE
	EndGlobalSection
	GlobalSection(ExtensibilityGlobals) = postSolution
		SolutionGuid = {E436BEB2-CC01-4B5D-8A28-A545323891D4}
	EndGlobalSection
EndGlobal
